{
  "object": {
    "pins": [
      {
        "package": "MockingKit",
        "repositoryURL": "https://github.com/danielsaidi/MockingKit.git",
        "state": {
          "branch": null,
          "revision": "eee43230c648991cc2d14fa290d01e561c3adc5a",
          "version": "1.0.0"
        }
      }
    ]
  },
  "version": 1
}
