// !$*UTF8*$!
{
	archiveVersion = 1;
	classes = {
	};
	objectVersion = 50;
	objects = {

/* Begin PBXBuildFile section */
		A9827A3D257ED48A0006D64F /* DemoApp.swift in Sources */ = {isa = PBXBuildFile; fileRef = A9827A2A257ED4880006D64F /* DemoApp.swift */; };
		A9827A3E257ED48A0006D64F /* DemoApp.swift in Sources */ = {isa = PBXBuildFile; fileRef = A9827A2A257ED4880006D64F /* DemoApp.swift */; };
		A9827A3F257ED48A0006D64F /* ContentView.swift in Sources */ = {isa = PBXBuildFile; fileRef = A9827A2B257ED4880006D64F /* ContentView.swift */; };
		A9827A40257ED48A0006D64F /* ContentView.swift in Sources */ = {isa = PBXBuildFile; fileRef = A9827A2B257ED4880006D64F /* ContentView.swift */; };
		A9827A4F257ED4BC0006D64F /* DemoAppearance.swift in Sources */ = {isa = PBXBuildFile; fileRef = A9827A4E257ED4BC0006D64F /* DemoAppearance.swift */; };
		A9827A50257ED4BC0006D64F /* DemoAppearance.swift in Sources */ = {isa = PBXBuildFile; fileRef = A9827A4E257ED4BC0006D64F /* DemoAppearance.swift */; };
		A9827A56257ED4E60006D64F /* Color+Demo.swift in Sources */ = {isa = PBXBuildFile; fileRef = A9827A54257ED4E60006D64F /* Color+Demo.swift */; };
		A9827A57257ED4E60006D64F /* Color+Demo.swift in Sources */ = {isa = PBXBuildFile; fileRef = A9827A54257ED4E60006D64F /* Color+Demo.swift */; };
		A9827A58257ED4E60006D64F /* Image+Demo.swift in Sources */ = {isa = PBXBuildFile; fileRef = A9827A55257ED4E60006D64F /* Image+Demo.swift */; };
		A9827A59257ED4E60006D64F /* Image+Demo.swift in Sources */ = {isa = PBXBuildFile; fileRef = A9827A55257ED4E60006D64F /* Image+Demo.swift */; };
		A9827A6F257ED9BB0006D64F /* DemoListButton.swift in Sources */ = {isa = PBXBuildFile; fileRef = A9827A6A257ED9BB0006D64F /* DemoListButton.swift */; };
		A9827A70257ED9BB0006D64F /* DemoListButton.swift in Sources */ = {isa = PBXBuildFile; fileRef = A9827A6A257ED9BB0006D64F /* DemoListButton.swift */; };
		A9827A71257ED9BB0006D64F /* DemoListLink.swift in Sources */ = {isa = PBXBuildFile; fileRef = A9827A6B257ED9BB0006D64F /* DemoListLink.swift */; };
		A9827A72257ED9BB0006D64F /* DemoListLink.swift in Sources */ = {isa = PBXBuildFile; fileRef = A9827A6B257ED9BB0006D64F /* DemoListLink.swift */; };
		A9827A73257ED9BB0006D64F /* DemoListText.swift in Sources */ = {isa = PBXBuildFile; fileRef = A9827A6C257ED9BB0006D64F /* DemoListText.swift */; };
		A9827A74257ED9BB0006D64F /* DemoListText.swift in Sources */ = {isa = PBXBuildFile; fileRef = A9827A6C257ED9BB0006D64F /* DemoListText.swift */; };
		A9827A75257ED9BB0006D64F /* DemoList.swift in Sources */ = {isa = PBXBuildFile; fileRef = A9827A6D257ED9BB0006D64F /* DemoList.swift */; };
		A9827A76257ED9BB0006D64F /* DemoList.swift in Sources */ = {isa = PBXBuildFile; fileRef = A9827A6D257ED9BB0006D64F /* DemoList.swift */; };
		A9827A77257ED9BB0006D64F /* DemoListItem.swift in Sources */ = {isa = PBXBuildFile; fileRef = A9827A6E257ED9BB0006D64F /* DemoListItem.swift */; };
		A9827A78257ED9BB0006D64F /* DemoListItem.swift in Sources */ = {isa = PBXBuildFile; fileRef = A9827A6E257ED9BB0006D64F /* DemoListItem.swift */; };
		A9827A81257EDA990006D64F /* Knewave-Regular.ttf in Resources */ = {isa = PBXBuildFile; fileRef = A9827A80257EDA990006D64F /* Knewave-Regular.ttf */; };
		A9827A82257EDA990006D64F /* Knewave-Regular.ttf in Resources */ = {isa = PBXBuildFile; fileRef = A9827A80257EDA990006D64F /* Knewave-Regular.ttf */; };
		A9827A88257EDAA10006D64F /* Assets.xcassets in Resources */ = {isa = PBXBuildFile; fileRef = A9827A87257EDAA10006D64F /* Assets.xcassets */; };
		A9827A89257EDAA10006D64F /* Assets.xcassets in Resources */ = {isa = PBXBuildFile; fileRef = A9827A87257EDAA10006D64F /* Assets.xcassets */; };
		A9827A90257EDBD10006D64F /* MockScreen.swift in Sources */ = {isa = PBXBuildFile; fileRef = A9827A8F257EDBD10006D64F /* MockScreen.swift */; };
		A9827A91257EDBD10006D64F /* MockScreen.swift in Sources */ = {isa = PBXBuildFile; fileRef = A9827A8F257EDBD10006D64F /* MockScreen.swift */; };
		A9827A95257EDBDB0006D64F /* MockableScreen.swift in Sources */ = {isa = PBXBuildFile; fileRef = A9827A94257EDBDB0006D64F /* MockableScreen.swift */; };
		A9827A96257EDBDB0006D64F /* MockableScreen.swift in Sources */ = {isa = PBXBuildFile; fileRef = A9827A94257EDBDB0006D64F /* MockableScreen.swift */; };
		A9827A9B257EDC1A0006D64F /* TestProtocol.swift in Sources */ = {isa = PBXBuildFile; fileRef = A9827A9A257EDC1A0006D64F /* TestProtocol.swift */; };
		A9827A9C257EDC1A0006D64F /* TestProtocol.swift in Sources */ = {isa = PBXBuildFile; fileRef = A9827A9A257EDC1A0006D64F /* TestProtocol.swift */; };
		A9827AA7257EDC760006D64F /* TestMock.swift in Sources */ = {isa = PBXBuildFile; fileRef = A9827AA6257EDC760006D64F /* TestMock.swift */; };
		A9827AA8257EDC760006D64F /* TestMock.swift in Sources */ = {isa = PBXBuildFile; fileRef = A9827AA6257EDC760006D64F /* TestMock.swift */; };
		A9827AB5257EDC830006D64F /* MockReference.swift in Sources */ = {isa = PBXBuildFile; fileRef = A9827AAD257EDC830006D64F /* MockReference.swift */; };
		A9827AB6257EDC830006D64F /* MockReference.swift in Sources */ = {isa = PBXBuildFile; fileRef = A9827AAD257EDC830006D64F /* MockReference.swift */; };
		A9827AB7257EDC830006D64F /* Escaping.swift in Sources */ = {isa = PBXBuildFile; fileRef = A9827AAE257EDC830006D64F /* Escaping.swift */; };
		A9827AB8257EDC830006D64F /* Escaping.swift in Sources */ = {isa = PBXBuildFile; fileRef = A9827AAE257EDC830006D64F /* Escaping.swift */; };
		A9827AB9257EDC830006D64F /* Mockable.swift in Sources */ = {isa = PBXBuildFile; fileRef = A9827AAF257EDC830006D64F /* Mockable.swift */; };
		A9827ABA257EDC830006D64F /* Mockable.swift in Sources */ = {isa = PBXBuildFile; fileRef = A9827AAF257EDC830006D64F /* Mockable.swift */; };
		A9827ABB257EDC830006D64F /* MockInvokation.swift in Sources */ = {isa = PBXBuildFile; fileRef = A9827AB0257EDC830006D64F /* MockInvokation.swift */; };
		A9827ABC257EDC830006D64F /* MockInvokation.swift in Sources */ = {isa = PBXBuildFile; fileRef = A9827AB0257EDC830006D64F /* MockInvokation.swift */; };
		A9827ABD257EDC830006D64F /* Mock.swift in Sources */ = {isa = PBXBuildFile; fileRef = A9827AB1257EDC830006D64F /* Mock.swift */; };
		A9827ABE257EDC830006D64F /* Mock.swift in Sources */ = {isa = PBXBuildFile; fileRef = A9827AB1257EDC830006D64F /* Mock.swift */; };
		A9827ABF257EDC830006D64F /* MockUserDefaults.swift in Sources */ = {isa = PBXBuildFile; fileRef = A9827AB3257EDC830006D64F /* MockUserDefaults.swift */; };
		A9827AC0257EDC830006D64F /* MockUserDefaults.swift in Sources */ = {isa = PBXBuildFile; fileRef = A9827AB3257EDC830006D64F /* MockUserDefaults.swift */; };
		A9827AC1257EDC830006D64F /* MockNotificationCenter.swift in Sources */ = {isa = PBXBuildFile; fileRef = A9827AB4257EDC830006D64F /* MockNotificationCenter.swift */; };
		A9827AC2257EDC830006D64F /* MockNotificationCenter.swift in Sources */ = {isa = PBXBuildFile; fileRef = A9827AB4257EDC830006D64F /* MockNotificationCenter.swift */; };
		A9827AC8257EDCFD0006D64F /* TestMockable.swift in Sources */ = {isa = PBXBuildFile; fileRef = A9827AC7257EDCFD0006D64F /* TestMockable.swift */; };
		A9827AC9257EDCFD0006D64F /* TestMockable.swift in Sources */ = {isa = PBXBuildFile; fileRef = A9827AC7257EDCFD0006D64F /* TestMockable.swift */; };
		A9827ACD257EDFD10006D64F /* AboutScreen.swift in Sources */ = {isa = PBXBuildFile; fileRef = A9827ACC257EDFD10006D64F /* AboutScreen.swift */; };
		A9827ACE257EDFD10006D64F /* AboutScreen.swift in Sources */ = {isa = PBXBuildFile; fileRef = A9827ACC257EDFD10006D64F /* AboutScreen.swift */; };
/* End PBXBuildFile section */

/* Begin PBXFileReference section */
		A9827A2A257ED4880006D64F /* DemoApp.swift */ = {isa = PBXFileReference; lastKnownFileType = sourcecode.swift; path = DemoApp.swift; sourceTree = "<group>"; };
		A9827A2B257ED4880006D64F /* ContentView.swift */ = {isa = PBXFileReference; lastKnownFileType = sourcecode.swift; path = ContentView.swift; sourceTree = "<group>"; };
		A9827A31257ED48A0006D64F /* Demo.app */ = {isa = PBXFileReference; explicitFileType = wrapper.application; includeInIndex = 0; path = Demo.app; sourceTree = BUILT_PRODUCTS_DIR; };
		A9827A34257ED48A0006D64F /* Info.plist */ = {isa = PBXFileReference; lastKnownFileType = text.plist.xml; path = Info.plist; sourceTree = "<group>"; };
		A9827A39257ED48A0006D64F /* Demo.app */ = {isa = PBXFileReference; explicitFileType = wrapper.application; includeInIndex = 0; path = Demo.app; sourceTree = BUILT_PRODUCTS_DIR; };
		A9827A3B257ED48A0006D64F /* Info.plist */ = {isa = PBXFileReference; lastKnownFileType = text.plist.xml; path = Info.plist; sourceTree = "<group>"; };
		A9827A3C257ED48A0006D64F /* macOS.entitlements */ = {isa = PBXFileReference; lastKnownFileType = text.plist.entitlements; path = macOS.entitlements; sourceTree = "<group>"; };
		A9827A4E257ED4BC0006D64F /* DemoAppearance.swift */ = {isa = PBXFileReference; fileEncoding = 4; lastKnownFileType = sourcecode.swift; path = DemoAppearance.swift; sourceTree = "<group>"; };
		A9827A54257ED4E60006D64F /* Color+Demo.swift */ = {isa = PBXFileReference; fileEncoding = 4; lastKnownFileType = sourcecode.swift; path = "Color+Demo.swift"; sourceTree = "<group>"; };
		A9827A55257ED4E60006D64F /* Image+Demo.swift */ = {isa = PBXFileReference; fileEncoding = 4; lastKnownFileType = sourcecode.swift; path = "Image+Demo.swift"; sourceTree = "<group>"; };
		A9827A5F257ED7B20006D64F /* .swiftlint.yml */ = {isa = PBXFileReference; lastKnownFileType = text.yaml; name = .swiftlint.yml; path = ../.swiftlint.yml; sourceTree = "<group>"; };
		A9827A60257ED7B20006D64F /* RELEASE_NOTES.md */ = {isa = PBXFileReference; lastKnownFileType = net.daringfireball.markdown; name = RELEASE_NOTES.md; path = ../RELEASE_NOTES.md; sourceTree = "<group>"; };
		A9827A61257ED7B20006D64F /* Package.resolved */ = {isa = PBXFileReference; lastKnownFileType = text; name = Package.resolved; path = ../Package.resolved; sourceTree = "<group>"; };
		A9827A62257ED7B20006D64F /* Mockery.podspec */ = {isa = PBXFileReference; lastKnownFileType = text; name = Mockery.podspec; path = ../Mockery.podspec; sourceTree = "<group>"; };
		A9827A63257ED7B20006D64F /* LICENSE */ = {isa = PBXFileReference; lastKnownFileType = text; name = LICENSE; path = ../LICENSE; sourceTree = "<group>"; };
		A9827A64257ED7B20006D64F /* Package.swift */ = {isa = PBXFileReference; lastKnownFileType = sourcecode.swift; name = Package.swift; path = ../Package.swift; sourceTree = "<group>"; };
		A9827A65257ED7B20006D64F /* .gitignore */ = {isa = PBXFileReference; lastKnownFileType = text; name = .gitignore; path = ../.gitignore; sourceTree = "<group>"; };
		A9827A66257ED7B20006D64F /* README.md */ = {isa = PBXFileReference; lastKnownFileType = net.daringfireball.markdown; name = README.md; path = ../README.md; sourceTree = "<group>"; };
		A9827A67257ED7BA0006D64F /* Fastfile */ = {isa = PBXFileReference; lastKnownFileType = text; name = Fastfile; path = ../fastlane/Fastfile; sourceTree = "<group>"; };
		A9827A6A257ED9BB0006D64F /* DemoListButton.swift */ = {isa = PBXFileReference; fileEncoding = 4; lastKnownFileType = sourcecode.swift; path = DemoListButton.swift; sourceTree = "<group>"; };
		A9827A6B257ED9BB0006D64F /* DemoListLink.swift */ = {isa = PBXFileReference; fileEncoding = 4; lastKnownFileType = sourcecode.swift; path = DemoListLink.swift; sourceTree = "<group>"; };
		A9827A6C257ED9BB0006D64F /* DemoListText.swift */ = {isa = PBXFileReference; fileEncoding = 4; lastKnownFileType = sourcecode.swift; path = DemoListText.swift; sourceTree = "<group>"; };
		A9827A6D257ED9BB0006D64F /* DemoList.swift */ = {isa = PBXFileReference; fileEncoding = 4; lastKnownFileType = sourcecode.swift; path = DemoList.swift; sourceTree = "<group>"; };
		A9827A6E257ED9BB0006D64F /* DemoListItem.swift */ = {isa = PBXFileReference; fileEncoding = 4; lastKnownFileType = sourcecode.swift; path = DemoListItem.swift; sourceTree = "<group>"; };
		A9827A80257EDA990006D64F /* Knewave-Regular.ttf */ = {isa = PBXFileReference; lastKnownFileType = file; path = "Knewave-Regular.ttf"; sourceTree = "<group>"; };
		A9827A87257EDAA10006D64F /* Assets.xcassets */ = {isa = PBXFileReference; lastKnownFileType = folder.assetcatalog; path = Assets.xcassets; sourceTree = "<group>"; };
		A9827A8F257EDBD10006D64F /* MockScreen.swift */ = {isa = PBXFileReference; lastKnownFileType = sourcecode.swift; path = MockScreen.swift; sourceTree = "<group>"; };
		A9827A94257EDBDB0006D64F /* MockableScreen.swift */ = {isa = PBXFileReference; lastKnownFileType = sourcecode.swift; path = MockableScreen.swift; sourceTree = "<group>"; };
		A9827A9A257EDC1A0006D64F /* TestProtocol.swift */ = {isa = PBXFileReference; lastKnownFileType = sourcecode.swift; path = TestProtocol.swift; sourceTree = "<group>"; };
		A9827AA6257EDC760006D64F /* TestMock.swift */ = {isa = PBXFileReference; lastKnownFileType = sourcecode.swift; path = TestMock.swift; sourceTree = "<group>"; };
		A9827AAD257EDC830006D64F /* MockReference.swift */ = {isa = PBXFileReference; fileEncoding = 4; lastKnownFileType = sourcecode.swift; path = MockReference.swift; sourceTree = "<group>"; };
		A9827AAE257EDC830006D64F /* Escaping.swift */ = {isa = PBXFileReference; fileEncoding = 4; lastKnownFileType = sourcecode.swift; path = Escaping.swift; sourceTree = "<group>"; };
		A9827AAF257EDC830006D64F /* Mockable.swift */ = {isa = PBXFileReference; fileEncoding = 4; lastKnownFileType = sourcecode.swift; path = Mockable.swift; sourceTree = "<group>"; };
		A9827AB0257EDC830006D64F /* MockInvokation.swift */ = {isa = PBXFileReference; fileEncoding = 4; lastKnownFileType = sourcecode.swift; path = MockInvokation.swift; sourceTree = "<group>"; };
		A9827AB1257EDC830006D64F /* Mock.swift */ = {isa = PBXFileReference; fileEncoding = 4; lastKnownFileType = sourcecode.swift; path = Mock.swift; sourceTree = "<group>"; };
		A9827AB3257EDC830006D64F /* MockUserDefaults.swift */ = {isa = PBXFileReference; fileEncoding = 4; lastKnownFileType = sourcecode.swift; path = MockUserDefaults.swift; sourceTree = "<group>"; };
		A9827AB4257EDC830006D64F /* MockNotificationCenter.swift */ = {isa = PBXFileReference; fileEncoding = 4; lastKnownFileType = sourcecode.swift; path = MockNotificationCenter.swift; sourceTree = "<group>"; };
		A9827AC7257EDCFD0006D64F /* TestMockable.swift */ = {isa = PBXFileReference; lastKnownFileType = sourcecode.swift; path = TestMockable.swift; sourceTree = "<group>"; };
		A9827ACC257EDFD10006D64F /* AboutScreen.swift */ = {isa = PBXFileReference; lastKnownFileType = sourcecode.swift; path = AboutScreen.swift; sourceTree = "<group>"; };
/* End PBXFileReference section */

/* Begin PBXFrameworksBuildPhase section */
		A9827A2E257ED48A0006D64F /* Frameworks */ = {
			isa = PBXFrameworksBuildPhase;
			buildActionMask = 2147483647;
			files = (
			);
			runOnlyForDeploymentPostprocessing = 0;
		};
		A9827A36257ED48A0006D64F /* Frameworks */ = {
			isa = PBXFrameworksBuildPhase;
			buildActionMask = 2147483647;
			files = (
			);
			runOnlyForDeploymentPostprocessing = 0;
		};
/* End PBXFrameworksBuildPhase section */

/* Begin PBXGroup section */
		A9827A24257ED4880006D64F = {
			isa = PBXGroup;
			children = (
				A9827A29257ED4880006D64F /* Shared */,
				A9827A33257ED48A0006D64F /* iOS */,
				A9827A3A257ED48A0006D64F /* macOS */,
				A9827A32257ED48A0006D64F /* Products */,
				A9827A5E257ED7900006D64F /* Project Files */,
			);
			sourceTree = "<group>";
		};
		A9827A29257ED4880006D64F /* Shared */ = {
			isa = PBXGroup;
			children = (
				A9827A4D257ED4AF0006D64F /* Demo */,
				A9827AA3257EDC610006D64F /* Mocks */,
				A9827A99257EDC040006D64F /* Protocols */,
				A9827A53257ED4CE0006D64F /* Resources */,
				A9827A8E257EDBC80006D64F /* Screens */,
				A9827AAB257EDC830006D64F /* Sources */,
			);
			path = Shared;
			sourceTree = "<group>";
		};
		A9827A32257ED48A0006D64F /* Products */ = {
			isa = PBXGroup;
			children = (
				A9827A31257ED48A0006D64F /* Demo.app */,
				A9827A39257ED48A0006D64F /* Demo.app */,
			);
			name = Products;
			sourceTree = "<group>";
		};
		A9827A33257ED48A0006D64F /* iOS */ = {
			isa = PBXGroup;
			children = (
				A9827A34257ED48A0006D64F /* Info.plist */,
			);
			path = iOS;
			sourceTree = "<group>";
		};
		A9827A3A257ED48A0006D64F /* macOS */ = {
			isa = PBXGroup;
			children = (
				A9827A3B257ED48A0006D64F /* Info.plist */,
				A9827A3C257ED48A0006D64F /* macOS.entitlements */,
			);
			path = macOS;
			sourceTree = "<group>";
		};
		A9827A4D257ED4AF0006D64F /* Demo */ = {
			isa = PBXGroup;
			children = (
				A9827A2B257ED4880006D64F /* ContentView.swift */,
				A9827A2A257ED4880006D64F /* DemoApp.swift */,
				A9827A4E257ED4BC0006D64F /* DemoAppearance.swift */,
				A9827A6D257ED9BB0006D64F /* DemoList.swift */,
				A9827A6A257ED9BB0006D64F /* DemoListButton.swift */,
				A9827A6E257ED9BB0006D64F /* DemoListItem.swift */,
				A9827A6B257ED9BB0006D64F /* DemoListLink.swift */,
				A9827A6C257ED9BB0006D64F /* DemoListText.swift */,
			);
			path = Demo;
			sourceTree = "<group>";
		};
		A9827A53257ED4CE0006D64F /* Resources */ = {
			isa = PBXGroup;
			children = (
				A9827A87257EDAA10006D64F /* Assets.xcassets */,
				A9827A7F257EDA990006D64F /* Fonts */,
				A9827A54257ED4E60006D64F /* Color+Demo.swift */,
				A9827A55257ED4E60006D64F /* Image+Demo.swift */,
			);
			path = Resources;
			sourceTree = "<group>";
		};
		A9827A5E257ED7900006D64F /* Project Files */ = {
			isa = PBXGroup;
			children = (
				A9827A65257ED7B20006D64F /* .gitignore */,
				A9827A5F257ED7B20006D64F /* .swiftlint.yml */,
				A9827A67257ED7BA0006D64F /* Fastfile */,
				A9827A63257ED7B20006D64F /* LICENSE */,
				A9827A62257ED7B20006D64F /* Mockery.podspec */,
				A9827A61257ED7B20006D64F /* Package.resolved */,
				A9827A64257ED7B20006D64F /* Package.swift */,
				A9827A66257ED7B20006D64F /* README.md */,
				A9827A60257ED7B20006D64F /* RELEASE_NOTES.md */,
			);
			name = "Project Files";
			sourceTree = "<group>";
		};
		A9827A7F257EDA990006D64F /* Fonts */ = {
			isa = PBXGroup;
			children = (
				A9827A80257EDA990006D64F /* Knewave-Regular.ttf */,
			);
			path = Fonts;
			sourceTree = "<group>";
		};
		A9827A8E257EDBC80006D64F /* Screens */ = {
			isa = PBXGroup;
			children = (
				A9827ACC257EDFD10006D64F /* AboutScreen.swift */,
				A9827A94257EDBDB0006D64F /* MockableScreen.swift */,
				A9827A8F257EDBD10006D64F /* MockScreen.swift */,
			);
			path = Screens;
			sourceTree = "<group>";
		};
		A9827A99257EDC040006D64F /* Protocols */ = {
			isa = PBXGroup;
			children = (
				A9827A9A257EDC1A0006D64F /* TestProtocol.swift */,
			);
			path = Protocols;
			sourceTree = "<group>";
		};
		A9827AA3257EDC610006D64F /* Mocks */ = {
			isa = PBXGroup;
			children = (
				A9827AA6257EDC760006D64F /* TestMock.swift */,
				A9827AC7257EDCFD0006D64F /* TestMockable.swift */,
			);
			path = Mocks;
			sourceTree = "<group>";
		};
		A9827AAB257EDC830006D64F /* Sources */ = {
			isa = PBXGroup;
			children = (
				A9827AAC257EDC830006D64F /* Mockery */,
			);
			name = Sources;
			path = ../../Sources;
			sourceTree = "<group>";
		};
		A9827AAC257EDC830006D64F /* Mockery */ = {
			isa = PBXGroup;
			children = (
				A9827AAD257EDC830006D64F /* MockReference.swift */,
				A9827AAE257EDC830006D64F /* Escaping.swift */,
				A9827AAF257EDC830006D64F /* Mockable.swift */,
				A9827AB0257EDC830006D64F /* MockInvokation.swift */,
				A9827AB1257EDC830006D64F /* Mock.swift */,
				A9827AB2257EDC830006D64F /* Foundation */,
			);
			path = Mockery;
			sourceTree = "<group>";
		};
		A9827AB2257EDC830006D64F /* Foundation */ = {
			isa = PBXGroup;
			children = (
				A9827AB3257EDC830006D64F /* MockUserDefaults.swift */,
				A9827AB4257EDC830006D64F /* MockNotificationCenter.swift */,
			);
			path = Foundation;
			sourceTree = "<group>";
		};
/* End PBXGroup section */

/* Begin PBXNativeTarget section */
		A9827A30257ED48A0006D64F /* Demo (iOS) */ = {
			isa = PBXNativeTarget;
			buildConfigurationList = A9827A45257ED48A0006D64F /* Build configuration list for PBXNativeTarget "Demo (iOS)" */;
			buildPhases = (
				A9827AE1257EE9F10006D64F /* [SwiftLint] */,
				A9827A2D257ED48A0006D64F /* Sources */,
				A9827A2E257ED48A0006D64F /* Frameworks */,
				A9827A2F257ED48A0006D64F /* Resources */,
			);
			buildRules = (
			);
			dependencies = (
			);
			name = "Demo (iOS)";
			productName = "Demo (iOS)";
			productReference = A9827A31257ED48A0006D64F /* Demo.app */;
			productType = "com.apple.product-type.application";
		};
		A9827A38257ED48A0006D64F /* Demo (macOS) */ = {
			isa = PBXNativeTarget;
			buildConfigurationList = A9827A48257ED48A0006D64F /* Build configuration list for PBXNativeTarget "Demo (macOS)" */;
			buildPhases = (
				A9827A35257ED48A0006D64F /* Sources */,
				A9827A36257ED48A0006D64F /* Frameworks */,
				A9827A37257ED48A0006D64F /* Resources */,
			);
			buildRules = (
			);
			dependencies = (
			);
			name = "Demo (macOS)";
			productName = "Demo (macOS)";
			productReference = A9827A39257ED48A0006D64F /* Demo.app */;
			productType = "com.apple.product-type.application";
		};
/* End PBXNativeTarget section */

/* Begin PBXProject section */
		A9827A25257ED4880006D64F /* Project object */ = {
			isa = PBXProject;
			attributes = {
				LastSwiftUpdateCheck = 1220;
				LastUpgradeCheck = 1220;
				ORGANIZATIONNAME = "Daniel Saidi";
				TargetAttributes = {
					A9827A30257ED48A0006D64F = {
						CreatedOnToolsVersion = 12.2;
					};
					A9827A38257ED48A0006D64F = {
						CreatedOnToolsVersion = 12.2;
					};
				};
			};
			buildConfigurationList = A9827A28257ED4880006D64F /* Build configuration list for PBXProject "Demo" */;
			compatibilityVersion = "Xcode 9.3";
			developmentRegion = en;
			hasScannedForEncodings = 0;
			knownRegions = (
				en,
				Base,
			);
			mainGroup = A9827A24257ED4880006D64F;
			productRefGroup = A9827A32257ED48A0006D64F /* Products */;
			projectDirPath = "";
			projectRoot = "";
			targets = (
				A9827A30257ED48A0006D64F /* Demo (iOS) */,
				A9827A38257ED48A0006D64F /* Demo (macOS) */,
			);
		};
/* End PBXProject section */

/* Begin PBXResourcesBuildPhase section */
		A9827A2F257ED48A0006D64F /* Resources */ = {
			isa = PBXResourcesBuildPhase;
			buildActionMask = 2147483647;
			files = (
				A9827A88257EDAA10006D64F /* Assets.xcassets in Resources */,
				A9827A81257EDA990006D64F /* Knewave-Regular.ttf in Resources */,
			);
			runOnlyForDeploymentPostprocessing = 0;
		};
		A9827A37257ED48A0006D64F /* Resources */ = {
			isa = PBXResourcesBuildPhase;
			buildActionMask = 2147483647;
			files = (
				A9827A89257EDAA10006D64F /* Assets.xcassets in Resources */,
				A9827A82257EDA990006D64F /* Knewave-Regular.ttf in Resources */,
			);
			runOnlyForDeploymentPostprocessing = 0;
		};
/* End PBXResourcesBuildPhase section */

/* Begin PBXShellScriptBuildPhase section */
		A9827AE1257EE9F10006D64F /* [SwiftLint] */ = {
			isa = PBXShellScriptBuildPhase;
			buildActionMask = 2147483647;
			files = (
			);
			inputFileListPaths = (
			);
			inputPaths = (
			);
			name = "[SwiftLint]";
			outputFileListPaths = (
			);
			outputPaths = (
			);
			runOnlyForDeploymentPostprocessing = 0;
			shellPath = /bin/sh;
			shellScript = "if which swiftlint >/dev/null; then\n  swiftlint\nfi\n";
		};
/* End PBXShellScriptBuildPhase section */

/* Begin PBXSourcesBuildPhase section */
		A9827A2D257ED48A0006D64F /* Sources */ = {
			isa = PBXSourcesBuildPhase;
			buildActionMask = 2147483647;
			files = (
				A9827A6F257ED9BB0006D64F /* DemoListButton.swift in Sources */,
				A9827AB5257EDC830006D64F /* MockReference.swift in Sources */,
				A9827A58257ED4E60006D64F /* Image+Demo.swift in Sources */,
				A9827AB7257EDC830006D64F /* Escaping.swift in Sources */,
				A9827A4F257ED4BC0006D64F /* DemoAppearance.swift in Sources */,
				A9827A90257EDBD10006D64F /* MockScreen.swift in Sources */,
				A9827ABF257EDC830006D64F /* MockUserDefaults.swift in Sources */,
				A9827AC8257EDCFD0006D64F /* TestMockable.swift in Sources */,
				A9827AC1257EDC830006D64F /* MockNotificationCenter.swift in Sources */,
				A9827A73257ED9BB0006D64F /* DemoListText.swift in Sources */,
				A9827A95257EDBDB0006D64F /* MockableScreen.swift in Sources */,
				A9827AB9257EDC830006D64F /* Mockable.swift in Sources */,
				A9827A9B257EDC1A0006D64F /* TestProtocol.swift in Sources */,
				A9827ACD257EDFD10006D64F /* AboutScreen.swift in Sources */,
				A9827AA7257EDC760006D64F /* TestMock.swift in Sources */,
				A9827A71257ED9BB0006D64F /* DemoListLink.swift in Sources */,
				A9827A77257ED9BB0006D64F /* DemoListItem.swift in Sources */,
				A9827A3F257ED48A0006D64F /* ContentView.swift in Sources */,
				A9827ABD257EDC830006D64F /* Mock.swift in Sources */,
				A9827A56257ED4E60006D64F /* Color+Demo.swift in Sources */,
				A9827ABB257EDC830006D64F /* MockInvokation.swift in Sources */,
				A9827A75257ED9BB0006D64F /* DemoList.swift in Sources */,
				A9827A3D257ED48A0006D64F /* DemoApp.swift in Sources */,
			);
			runOnlyForDeploymentPostprocessing = 0;
		};
		A9827A35257ED48A0006D64F /* Sources */ = {
			isa = PBXSourcesBuildPhase;
			buildActionMask = 2147483647;
			files = (
				A9827A70257ED9BB0006D64F /* DemoListButton.swift in Sources */,
				A9827AB6257EDC830006D64F /* MockReference.swift in Sources */,
				A9827A59257ED4E60006D64F /* Image+Demo.swift in Sources */,
				A9827AB8257EDC830006D64F /* Escaping.swift in Sources */,
				A9827A50257ED4BC0006D64F /* DemoAppearance.swift in Sources */,
				A9827A91257EDBD10006D64F /* MockScreen.swift in Sources */,
				A9827AC0257EDC830006D64F /* MockUserDefaults.swift in Sources */,
				A9827AC9257EDCFD0006D64F /* TestMockable.swift in Sources */,
				A9827AC2257EDC830006D64F /* MockNotificationCenter.swift in Sources */,
				A9827A74257ED9BB0006D64F /* DemoListText.swift in Sources */,
				A9827A96257EDBDB0006D64F /* MockableScreen.swift in Sources */,
				A9827ABA257EDC830006D64F /* Mockable.swift in Sources */,
				A9827A9C257EDC1A0006D64F /* TestProtocol.swift in Sources */,
				A9827ACE257EDFD10006D64F /* AboutScreen.swift in Sources */,
				A9827AA8257EDC760006D64F /* TestMock.swift in Sources */,
				A9827A72257ED9BB0006D64F /* DemoListLink.swift in Sources */,
				A9827A78257ED9BB0006D64F /* DemoListItem.swift in Sources */,
				A9827A40257ED48A0006D64F /* ContentView.swift in Sources */,
				A9827ABE257EDC830006D64F /* Mock.swift in Sources */,
				A9827A57257ED4E60006D64F /* Color+Demo.swift in Sources */,
				A9827ABC257EDC830006D64F /* MockInvokation.swift in Sources */,
				A9827A76257ED9BB0006D64F /* DemoList.swift in Sources */,
				A9827A3E257ED48A0006D64F /* DemoApp.swift in Sources */,
			);
			runOnlyForDeploymentPostprocessing = 0;
		};
/* End PBXSourcesBuildPhase section */

/* Begin XCBuildConfiguration section */
		A9827A43257ED48A0006D64F /* Debug */ = {
			isa = XCBuildConfiguration;
			buildSettings = {
				ALWAYS_SEARCH_USER_PATHS = NO;
				CLANG_ANALYZER_NONNULL = YES;
				CLANG_ANALYZER_NUMBER_OBJECT_CONVERSION = YES_AGGRESSIVE;
				CLANG_CXX_LANGUAGE_STANDARD = "gnu++14";
				CLANG_CXX_LIBRARY = "libc++";
				CLANG_ENABLE_MODULES = YES;
				CLANG_ENABLE_OBJC_ARC = YES;
				CLANG_ENABLE_OBJC_WEAK = YES;
				CLANG_WARN_BLOCK_CAPTURE_AUTORELEASING = YES;
				CLANG_WARN_BOOL_CONVERSION = YES;
				CLANG_WARN_COMMA = YES;
				CLANG_WARN_CONSTANT_CONVERSION = YES;
				CLANG_WARN_DEPRECATED_OBJC_IMPLEMENTATIONS = YES;
				CLANG_WARN_DIRECT_OBJC_ISA_USAGE = YES_ERROR;
				CLANG_WARN_DOCUMENTATION_COMMENTS = YES;
				CLANG_WARN_EMPTY_BODY = YES;
				CLANG_WARN_ENUM_CONVERSION = YES;
				CLANG_WARN_INFINITE_RECURSION = YES;
				CLANG_WARN_INT_CONVERSION = YES;
				CLANG_WARN_NON_LITERAL_NULL_CONVERSION = YES;
				CLANG_WARN_OBJC_IMPLICIT_RETAIN_SELF = YES;
				CLANG_WARN_OBJC_LITERAL_CONVERSION = YES;
				CLANG_WARN_OBJC_ROOT_CLASS = YES_ERROR;
				CLANG_WARN_QUOTED_INCLUDE_IN_FRAMEWORK_HEADER = YES;
				CLANG_WARN_RANGE_LOOP_ANALYSIS = YES;
				CLANG_WARN_STRICT_PROTOTYPES = YES;
				CLANG_WARN_SUSPICIOUS_MOVE = YES;
				CLANG_WARN_UNGUARDED_AVAILABILITY = YES_AGGRESSIVE;
				CLANG_WARN_UNREACHABLE_CODE = YES;
				CLANG_WARN__DUPLICATE_METHOD_MATCH = YES;
				COPY_PHASE_STRIP = NO;
				DEBUG_INFORMATION_FORMAT = dwarf;
				ENABLE_STRICT_OBJC_MSGSEND = YES;
				ENABLE_TESTABILITY = YES;
				GCC_C_LANGUAGE_STANDARD = gnu11;
				GCC_DYNAMIC_NO_PIC = NO;
				GCC_NO_COMMON_BLOCKS = YES;
				GCC_OPTIMIZATION_LEVEL = 0;
				GCC_PREPROCESSOR_DEFINITIONS = (
					"DEBUG=1",
					"$(inherited)",
				);
				GCC_WARN_64_TO_32_BIT_CONVERSION = YES;
				GCC_WARN_ABOUT_RETURN_TYPE = YES_ERROR;
				GCC_WARN_UNDECLARED_SELECTOR = YES;
				GCC_WARN_UNINITIALIZED_AUTOS = YES_AGGRESSIVE;
				GCC_WARN_UNUSED_FUNCTION = YES;
				GCC_WARN_UNUSED_VARIABLE = YES;
				MTL_ENABLE_DEBUG_INFO = INCLUDE_SOURCE;
				MTL_FAST_MATH = YES;
				ONLY_ACTIVE_ARCH = YES;
				SWIFT_ACTIVE_COMPILATION_CONDITIONS = DEBUG;
				SWIFT_OPTIMIZATION_LEVEL = "-Onone";
			};
			name = Debug;
		};
		A9827A44257ED48A0006D64F /* Release */ = {
			isa = XCBuildConfiguration;
			buildSettings = {
				ALWAYS_SEARCH_USER_PATHS = NO;
				CLANG_ANALYZER_NONNULL = YES;
				CLANG_ANALYZER_NUMBER_OBJECT_CONVERSION = YES_AGGRESSIVE;
				CLANG_CXX_LANGUAGE_STANDARD = "gnu++14";
				CLANG_CXX_LIBRARY = "libc++";
				CLANG_ENABLE_MODULES = YES;
				CLANG_ENABLE_OBJC_ARC = YES;
				CLANG_ENABLE_OBJC_WEAK = YES;
				CLANG_WARN_BLOCK_CAPTURE_AUTORELEASING = YES;
				CLANG_WARN_BOOL_CONVERSION = YES;
				CLANG_WARN_COMMA = YES;
				CLANG_WARN_CONSTANT_CONVERSION = YES;
				CLANG_WARN_DEPRECATED_OBJC_IMPLEMENTATIONS = YES;
				CLANG_WARN_DIRECT_OBJC_ISA_USAGE = YES_ERROR;
				CLANG_WARN_DOCUMENTATION_COMMENTS = YES;
				CLANG_WARN_EMPTY_BODY = YES;
				CLANG_WARN_ENUM_CONVERSION = YES;
				CLANG_WARN_INFINITE_RECURSION = YES;
				CLANG_WARN_INT_CONVERSION = YES;
				CLANG_WARN_NON_LITERAL_NULL_CONVERSION = YES;
				CLANG_WARN_OBJC_IMPLICIT_RETAIN_SELF = YES;
				CLANG_WARN_OBJC_LITERAL_CONVERSION = YES;
				CLANG_WARN_OBJC_ROOT_CLASS = YES_ERROR;
				CLANG_WARN_QUOTED_INCLUDE_IN_FRAMEWORK_HEADER = YES;
				CLANG_WARN_RANGE_LOOP_ANALYSIS = YES;
				CLANG_WARN_STRICT_PROTOTYPES = YES;
				CLANG_WARN_SUSPICIOUS_MOVE = YES;
				CLANG_WARN_UNGUARDED_AVAILABILITY = YES_AGGRESSIVE;
				CLANG_WARN_UNREACHABLE_CODE = YES;
				CLANG_WARN__DUPLICATE_METHOD_MATCH = YES;
				COPY_PHASE_STRIP = NO;
				DEBUG_INFORMATION_FORMAT = "dwarf-with-dsym";
				ENABLE_NS_ASSERTIONS = NO;
				ENABLE_STRICT_OBJC_MSGSEND = YES;
				GCC_C_LANGUAGE_STANDARD = gnu11;
				GCC_NO_COMMON_BLOCKS = YES;
				GCC_WARN_64_TO_32_BIT_CONVERSION = YES;
				GCC_WARN_ABOUT_RETURN_TYPE = YES_ERROR;
				GCC_WARN_UNDECLARED_SELECTOR = YES;
				GCC_WARN_UNINITIALIZED_AUTOS = YES_AGGRESSIVE;
				GCC_WARN_UNUSED_FUNCTION = YES;
				GCC_WARN_UNUSED_VARIABLE = YES;
				MTL_ENABLE_DEBUG_INFO = NO;
				MTL_FAST_MATH = YES;
				SWIFT_COMPILATION_MODE = wholemodule;
				SWIFT_OPTIMIZATION_LEVEL = "-O";
			};
			name = Release;
		};
		A9827A46257ED48A0006D64F /* Debug */ = {
			isa = XCBuildConfiguration;
			buildSettings = {
				ASSETCATALOG_COMPILER_APPICON_NAME = AppIcon;
				ASSETCATALOG_COMPILER_GLOBAL_ACCENT_COLOR_NAME = AccentColor;
				CODE_SIGN_STYLE = Automatic;
				DEVELOPMENT_TEAM = PMEDFW438U;
				ENABLE_PREVIEWS = YES;
				INFOPLIST_FILE = iOS/Info.plist;
				IPHONEOS_DEPLOYMENT_TARGET = 14.0;
				LD_RUNPATH_SEARCH_PATHS = (
					"$(inherited)",
					"@executable_path/Frameworks",
				);
				PRODUCT_BUNDLE_IDENTIFIER = com.danielsaidi.mockery.demo;
				PRODUCT_NAME = Demo;
				SDKROOT = iphoneos;
				SWIFT_VERSION = 5.0;
				TARGETED_DEVICE_FAMILY = "1,2";
			};
			name = Debug;
		};
		A9827A47257ED48A0006D64F /* Release */ = {
			isa = XCBuildConfiguration;
			buildSettings = {
				ASSETCATALOG_COMPILER_APPICON_NAME = AppIcon;
				ASSETCATALOG_COMPILER_GLOBAL_ACCENT_COLOR_NAME = AccentColor;
				CODE_SIGN_STYLE = Automatic;
				DEVELOPMENT_TEAM = PMEDFW438U;
				ENABLE_PREVIEWS = YES;
				INFOPLIST_FILE = iOS/Info.plist;
				IPHONEOS_DEPLOYMENT_TARGET = 14.0;
				LD_RUNPATH_SEARCH_PATHS = (
					"$(inherited)",
					"@executable_path/Frameworks",
				);
				PRODUCT_BUNDLE_IDENTIFIER = com.danielsaidi.mockery.demo;
				PRODUCT_NAME = Demo;
				SDKROOT = iphoneos;
				SWIFT_VERSION = 5.0;
				TARGETED_DEVICE_FAMILY = "1,2";
				VALIDATE_PRODUCT = YES;
			};
			name = Release;
		};
		A9827A49257ED48A0006D64F /* Debug */ = {
			isa = XCBuildConfiguration;
			buildSettings = {
				ASSETCATALOG_COMPILER_APPICON_NAME = AppIcon;
				ASSETCATALOG_COMPILER_GLOBAL_ACCENT_COLOR_NAME = AccentColor;
				CODE_SIGN_ENTITLEMENTS = macOS/macOS.entitlements;
				CODE_SIGN_STYLE = Automatic;
				COMBINE_HIDPI_IMAGES = YES;
				DEVELOPMENT_TEAM = PMEDFW438U;
				ENABLE_HARDENED_RUNTIME = YES;
				ENABLE_PREVIEWS = YES;
				INFOPLIST_FILE = macOS/Info.plist;
				LD_RUNPATH_SEARCH_PATHS = (
					"$(inherited)",
					"@executable_path/../Frameworks",
				);
				MACOSX_DEPLOYMENT_TARGET = 11.0;
				PRODUCT_BUNDLE_IDENTIFIER = com.danielsaidi.mockery.demo;
				PRODUCT_NAME = Demo;
				SDKROOT = macosx;
				SWIFT_VERSION = 5.0;
			};
			name = Debug;
		};
		A9827A4A257ED48A0006D64F /* Release */ = {
			isa = XCBuildConfiguration;
			buildSettings = {
				ASSETCATALOG_COMPILER_APPICON_NAME = AppIcon;
				ASSETCATALOG_COMPILER_GLOBAL_ACCENT_COLOR_NAME = AccentColor;
				CODE_SIGN_ENTITLEMENTS = macOS/macOS.entitlements;
				CODE_SIGN_STYLE = Automatic;
				COMBINE_HIDPI_IMAGES = YES;
				DEVELOPMENT_TEAM = PMEDFW438U;
				ENABLE_HARDENED_RUNTIME = YES;
				ENABLE_PREVIEWS = YES;
				INFOPLIST_FILE = macOS/Info.plist;
				LD_RUNPATH_SEARCH_PATHS = (
					"$(inherited)",
					"@executable_path/../Frameworks",
				);
				MACOSX_DEPLOYMENT_TARGET = 11.0;
				PRODUCT_BUNDLE_IDENTIFIER = com.danielsaidi.mockery.demo;
				PRODUCT_NAME = Demo;
				SDKROOT = macosx;
				SWIFT_VERSION = 5.0;
			};
			name = Release;
		};
/* End XCBuildConfiguration section */

/* Begin XCConfigurationList section */
		A9827A28257ED4880006D64F /* Build configuration list for PBXProject "Demo" */ = {
			isa = XCConfigurationList;
			buildConfigurations = (
				A9827A43257ED48A0006D64F /* Debug */,
				A9827A44257ED48A0006D64F /* Release */,
			);
			defaultConfigurationIsVisible = 0;
			defaultConfigurationName = Release;
		};
		A9827A45257ED48A0006D64F /* Build configuration list for PBXNativeTarget "Demo (iOS)" */ = {
			isa = XCConfigurationList;
			buildConfigurations = (
				A9827A46257ED48A0006D64F /* Debug */,
				A9827A47257ED48A0006D64F /* Release */,
			);
			defaultConfigurationIsVisible = 0;
			defaultConfigurationName = Release;
		};
		A9827A48257ED48A0006D64F /* Build configuration list for PBXNativeTarget "Demo (macOS)" */ = {
			isa = XCConfigurationList;
			buildConfigurations = (
				A9827A49257ED48A0006D64F /* Debug */,
				A9827A4A257ED48A0006D64F /* Release */,
			);
			defaultConfigurationIsVisible = 0;
			defaultConfigurationName = Release;
		};
/* End XCConfigurationList section */
	};
	rootObject = A9827A25257ED4880006D64F /* Project object */;
}
