// !$*UTF8*$!
{
	archiveVersion = 1;
	classes = {
	};
	objectVersion = 52;
	objects = {

/* Begin PBXBuildFile section */
		84F42FA32343F73600F09426 /* AppDelegate.swift in Sources */ = {isa = PBXBuildFile; fileRef = 84F42FA22343F73600F09426 /* AppDelegate.swift */; };
		84F42FA52343F73600F09426 /* SceneDelegate.swift in Sources */ = {isa = PBXBuildFile; fileRef = 84F42FA42343F73600F09426 /* SceneDelegate.swift */; };
		84F42FA72343F73600F09426 /* ViewController.swift in Sources */ = {isa = PBXBuildFile; fileRef = 84F42FA62343F73600F09426 /* ViewController.swift */; };
		84F42FAA2343F73600F09426 /* Main.storyboard in Resources */ = {isa = PBXBuildFile; fileRef = 84F42FA82343F73600F09426 /* Main.storyboard */; };
		84F42FAC2343F73600F09426 /* Assets.xcassets in Resources */ = {isa = PBXBuildFile; fileRef = 84F42FAB2343F73600F09426 /* Assets.xcassets */; };
		84F42FAF2343F73600F09426 /* LaunchScreen.storyboard in Resources */ = {isa = PBXBuildFile; fileRef = 84F42FAD2343F73600F09426 /* LaunchScreen.storyboard */; };
		84F42FB72343F7BB00F09426 /* Mocks.swift in Sources */ = {isa = PBXBuildFile; fileRef = 84F42FB62343F7BB00F09426 /* Mocks.swift */; };
		84F42FBA2343F7E700F09426 /* Mockery in Frameworks */ = {isa = PBXBuildFile; productRef = 84F42FB92343F7E700F09426 /* Mockery */; };
/* End PBXBuildFile section */

/* Begin PBXFileReference section */
		84F42F9F2343F73600F09426 /* MockeryDemo.app */ = {isa = PBXFileReference; explicitFileType = wrapper.application; includeInIndex = 0; path = MockeryDemo.app; sourceTree = BUILT_PRODUCTS_DIR; };
		84F42FA22343F73600F09426 /* AppDelegate.swift */ = {isa = PBXFileReference; lastKnownFileType = sourcecode.swift; path = AppDelegate.swift; sourceTree = "<group>"; };
		84F42FA42343F73600F09426 /* SceneDelegate.swift */ = {isa = PBXFileReference; lastKnownFileType = sourcecode.swift; path = SceneDelegate.swift; sourceTree = "<group>"; };
		84F42FA62343F73600F09426 /* ViewController.swift */ = {isa = PBXFileReference; lastKnownFileType = sourcecode.swift; path = ViewController.swift; sourceTree = "<group>"; };
		84F42FA92343F73600F09426 /* Base */ = {isa = PBXFileReference; lastKnownFileType = file.storyboard; name = Base; path = Base.lproj/Main.storyboard; sourceTree = "<group>"; };
		84F42FAB2343F73600F09426 /* Assets.xcassets */ = {isa = PBXFileReference; lastKnownFileType = folder.assetcatalog; path = Assets.xcassets; sourceTree = "<group>"; };
		84F42FAE2343F73600F09426 /* Base */ = {isa = PBXFileReference; lastKnownFileType = file.storyboard; name = Base; path = Base.lproj/LaunchScreen.storyboard; sourceTree = "<group>"; };
		84F42FB02343F73600F09426 /* Info.plist */ = {isa = PBXFileReference; lastKnownFileType = text.plist.xml; path = Info.plist; sourceTree = "<group>"; };
		84F42FB62343F7BB00F09426 /* Mocks.swift */ = {isa = PBXFileReference; fileEncoding = 4; lastKnownFileType = sourcecode.swift; path = Mocks.swift; sourceTree = "<group>"; };
/* End PBXFileReference section */

/* Begin PBXFrameworksBuildPhase section */
		84F42F9C2343F73600F09426 /* Frameworks */ = {
			isa = PBXFrameworksBuildPhase;
			buildActionMask = 2147483647;
			files = (
				84F42FBA2343F7E700F09426 /* Mockery in Frameworks */,
			);
			runOnlyForDeploymentPostprocessing = 0;
		};
/* End PBXFrameworksBuildPhase section */

/* Begin PBXGroup section */
		84F42F962343F73600F09426 = {
			isa = PBXGroup;
			children = (
				84F42FA12343F73600F09426 /* MockeryDemo */,
				84F42FA02343F73600F09426 /* Products */,
			);
			sourceTree = "<group>";
		};
		84F42FA02343F73600F09426 /* Products */ = {
			isa = PBXGroup;
			children = (
				84F42F9F2343F73600F09426 /* MockeryDemo.app */,
			);
			name = Products;
			sourceTree = "<group>";
		};
		84F42FA12343F73600F09426 /* MockeryDemo */ = {
			isa = PBXGroup;
			children = (
				84F42FA22343F73600F09426 /* AppDelegate.swift */,
				84F42FA42343F73600F09426 /* SceneDelegate.swift */,
				84F42FB62343F7BB00F09426 /* Mocks.swift */,
				84F42FA62343F73600F09426 /* ViewController.swift */,
				84F42FA82343F73600F09426 /* Main.storyboard */,
				84F42FAB2343F73600F09426 /* Assets.xcassets */,
				84F42FAD2343F73600F09426 /* LaunchScreen.storyboard */,
				84F42FB02343F73600F09426 /* Info.plist */,
			);
			path = MockeryDemo;
			sourceTree = "<group>";
		};
/* End PBXGroup section */

/* Begin PBXNativeTarget section */
		84F42F9E2343F73600F09426 /* MockeryDemo */ = {
			isa = PBXNativeTarget;
			buildConfigurationList = 84F42FB32343F73600F09426 /* Build configuration list for PBXNativeTarget "MockeryDemo" */;
			buildPhases = (
				84F42F9B2343F73600F09426 /* Sources */,
				84F42F9C2343F73600F09426 /* Frameworks */,
				84F42F9D2343F73600F09426 /* Resources */,
			);
			buildRules = (
			);
			dependencies = (
			);
			name = MockeryDemo;
			packageProductDependencies = (
				84F42FB92343F7E700F09426 /* Mockery */,
			);
			productName = MockeryDemo;
			productReference = 84F42F9F2343F73600F09426 /* MockeryDemo.app */;
			productType = "com.apple.product-type.application";
		};
/* End PBXNativeTarget section */

/* Begin PBXProject section */
		84F42F972343F73600F09426 /* Project object */ = {
			isa = PBXProject;
			attributes = {
				LastSwiftUpdateCheck = 1100;
				LastUpgradeCheck = 1100;
				ORGANIZATIONNAME = "Daniel Saidi";
				TargetAttributes = {
					84F42F9E2343F73600F09426 = {
						CreatedOnToolsVersion = 11.0;
					};
				};
			};
			buildConfigurationList = 84F42F9A2343F73600F09426 /* Build configuration list for PBXProject "MockeryDemo" */;
			compatibilityVersion = "Xcode 9.3";
			developmentRegion = en;
			hasScannedForEncodings = 0;
			knownRegions = (
				en,
				Base,
			);
			mainGroup = 84F42F962343F73600F09426;
			packageReferences = (
				84F42FB82343F7E700F09426 /* XCRemoteSwiftPackageReference "Mockery" */,
			);
			productRefGroup = 84F42FA02343F73600F09426 /* Products */;
			projectDirPath = "";
			projectRoot = "";
			targets = (
				84F42F9E2343F73600F09426 /* MockeryDemo */,
			);
		};
/* End PBXProject section */

/* Begin PBXResourcesBuildPhase section */
		84F42F9D2343F73600F09426 /* Resources */ = {
			isa = PBXResourcesBuildPhase;
			buildActionMask = 2147483647;
			files = (
				84F42FAF2343F73600F09426 /* LaunchScreen.storyboard in Resources */,
				84F42FAC2343F73600F09426 /* Assets.xcassets in Resources */,
				84F42FAA2343F73600F09426 /* Main.storyboard in Resources */,
			);
			runOnlyForDeploymentPostprocessing = 0;
		};
/* End PBXResourcesBuildPhase section */

/* Begin PBXSourcesBuildPhase section */
		84F42F9B2343F73600F09426 /* Sources */ = {
			isa = PBXSourcesBuildPhase;
			buildActionMask = 2147483647;
			files = (
				84F42FA72343F73600F09426 /* ViewController.swift in Sources */,
				84F42FA32343F73600F09426 /* AppDelegate.swift in Sources */,
				84F42FA52343F73600F09426 /* SceneDelegate.swift in Sources */,
				84F42FB72343F7BB00F09426 /* Mocks.swift in Sources */,
			);
			runOnlyForDeploymentPostprocessing = 0;
		};
/* End PBXSourcesBuildPhase section */

/* Begin PBXVariantGroup section */
		84F42FA82343F73600F09426 /* Main.storyboard */ = {
			isa = PBXVariantGroup;
			children = (
				84F42FA92343F73600F09426 /* Base */,
			);
			name = Main.storyboard;
			sourceTree = "<group>";
		};
		84F42FAD2343F73600F09426 /* LaunchScreen.storyboard */ = {
			isa = PBXVariantGroup;
			children = (
				84F42FAE2343F73600F09426 /* Base */,
			);
			name = LaunchScreen.storyboard;
			sourceTree = "<group>";
		};
/* End PBXVariantGroup section */

/* Begin XCBuildConfiguration section */
		84F42FB12343F73600F09426 /* Debug */ = {
			isa = XCBuildConfiguration;
			buildSettings = {
				ALWAYS_SEARCH_USER_PATHS = NO;
				CLANG_ANALYZER_NONNULL = YES;
				CLANG_ANALYZER_NUMBER_OBJECT_CONVERSION = YES_AGGRESSIVE;
				CLANG_CXX_LANGUAGE_STANDARD = "gnu++14";
				CLANG_CXX_LIBRARY = "libc++";
				CLANG_ENABLE_MODULES = YES;
				CLANG_ENABLE_OBJC_ARC = YES;
				CLANG_ENABLE_OBJC_WEAK = YES;
				CLANG_WARN_BLOCK_CAPTURE_AUTORELEASING = YES;
				CLANG_WARN_BOOL_CONVERSION = YES;
				CLANG_WARN_COMMA = YES;
				CLANG_WARN_CONSTANT_CONVERSION = YES;
				CLANG_WARN_DEPRECATED_OBJC_IMPLEMENTATIONS = YES;
				CLANG_WARN_DIRECT_OBJC_ISA_USAGE = YES_ERROR;
				CLANG_WARN_DOCUMENTATION_COMMENTS = YES;
				CLANG_WARN_EMPTY_BODY = YES;
				CLANG_WARN_ENUM_CONVERSION = YES;
				CLANG_WARN_INFINITE_RECURSION = YES;
				CLANG_WARN_INT_CONVERSION = YES;
				CLANG_WARN_NON_LITERAL_NULL_CONVERSION = YES;
				CLANG_WARN_OBJC_IMPLICIT_RETAIN_SELF = YES;
				CLANG_WARN_OBJC_LITERAL_CONVERSION = YES;
				CLANG_WARN_OBJC_ROOT_CLASS = YES_ERROR;
				CLANG_WARN_RANGE_LOOP_ANALYSIS = YES;
				CLANG_WARN_STRICT_PROTOTYPES = YES;
				CLANG_WARN_SUSPICIOUS_MOVE = YES;
				CLANG_WARN_UNGUARDED_AVAILABILITY = YES_AGGRESSIVE;
				CLANG_WARN_UNREACHABLE_CODE = YES;
				CLANG_WARN__DUPLICATE_METHOD_MATCH = YES;
				COPY_PHASE_STRIP = NO;
				DEBUG_INFORMATION_FORMAT = dwarf;
				ENABLE_STRICT_OBJC_MSGSEND = YES;
				ENABLE_TESTABILITY = YES;
				GCC_C_LANGUAGE_STANDARD = gnu11;
				GCC_DYNAMIC_NO_PIC = NO;
				GCC_NO_COMMON_BLOCKS = YES;
				GCC_OPTIMIZATION_LEVEL = 0;
				GCC_PREPROCESSOR_DEFINITIONS = (
					"DEBUG=1",
					"$(inherited)",
				);
				GCC_WARN_64_TO_32_BIT_CONVERSION = YES;
				GCC_WARN_ABOUT_RETURN_TYPE = YES_ERROR;
				GCC_WARN_UNDECLARED_SELECTOR = YES;
				GCC_WARN_UNINITIALIZED_AUTOS = YES_AGGRESSIVE;
				GCC_WARN_UNUSED_FUNCTION = YES;
				GCC_WARN_UNUSED_VARIABLE = YES;
				IPHONEOS_DEPLOYMENT_TARGET = 11.0;
				MTL_ENABLE_DEBUG_INFO = INCLUDE_SOURCE;
				MTL_FAST_MATH = YES;
				ONLY_ACTIVE_ARCH = YES;
				SDKROOT = iphoneos;
				SWIFT_ACTIVE_COMPILATION_CONDITIONS = DEBUG;
				SWIFT_OPTIMIZATION_LEVEL = "-Onone";
			};
			name = Debug;
		};
		84F42FB22343F73600F09426 /* Release */ = {
			isa = XCBuildConfiguration;
			buildSettings = {
				ALWAYS_SEARCH_USER_PATHS = NO;
				CLANG_ANALYZER_NONNULL = YES;
				CLANG_ANALYZER_NUMBER_OBJECT_CONVERSION = YES_AGGRESSIVE;
				CLANG_CXX_LANGUAGE_STANDARD = "gnu++14";
				CLANG_CXX_LIBRARY = "libc++";
				CLANG_ENABLE_MODULES = YES;
				CLANG_ENABLE_OBJC_ARC = YES;
				CLANG_ENABLE_OBJC_WEAK = YES;
				CLANG_WARN_BLOCK_CAPTURE_AUTORELEASING = YES;
				CLANG_WARN_BOOL_CONVERSION = YES;
				CLANG_WARN_COMMA = YES;
				CLANG_WARN_CONSTANT_CONVERSION = YES;
				CLANG_WARN_DEPRECATED_OBJC_IMPLEMENTATIONS = YES;
				CLANG_WARN_DIRECT_OBJC_ISA_USAGE = YES_ERROR;
				CLANG_WARN_DOCUMENTATION_COMMENTS = YES;
				CLANG_WARN_EMPTY_BODY = YES;
				CLANG_WARN_ENUM_CONVERSION = YES;
				CLANG_WARN_INFINITE_RECURSION = YES;
				CLANG_WARN_INT_CONVERSION = YES;
				CLANG_WARN_NON_LITERAL_NULL_CONVERSION = YES;
				CLANG_WARN_OBJC_IMPLICIT_RETAIN_SELF = YES;
				CLANG_WARN_OBJC_LITERAL_CONVERSION = YES;
				CLANG_WARN_OBJC_ROOT_CLASS = YES_ERROR;
				CLANG_WARN_RANGE_LOOP_ANALYSIS = YES;
				CLANG_WARN_STRICT_PROTOTYPES = YES;
				CLANG_WARN_SUSPICIOUS_MOVE = YES;
				CLANG_WARN_UNGUARDED_AVAILABILITY = YES_AGGRESSIVE;
				CLANG_WARN_UNREACHABLE_CODE = YES;
				CLANG_WARN__DUPLICATE_METHOD_MATCH = YES;
				COPY_PHASE_STRIP = NO;
				DEBUG_INFORMATION_FORMAT = "dwarf-with-dsym";
				ENABLE_NS_ASSERTIONS = NO;
				ENABLE_STRICT_OBJC_MSGSEND = YES;
				GCC_C_LANGUAGE_STANDARD = gnu11;
				GCC_NO_COMMON_BLOCKS = YES;
				GCC_WARN_64_TO_32_BIT_CONVERSION = YES;
				GCC_WARN_ABOUT_RETURN_TYPE = YES_ERROR;
				GCC_WARN_UNDECLARED_SELECTOR = YES;
				GCC_WARN_UNINITIALIZED_AUTOS = YES_AGGRESSIVE;
				GCC_WARN_UNUSED_FUNCTION = YES;
				GCC_WARN_UNUSED_VARIABLE = YES;
				IPHONEOS_DEPLOYMENT_TARGET = 11.0;
				MTL_ENABLE_DEBUG_INFO = NO;
				MTL_FAST_MATH = YES;
				SDKROOT = iphoneos;
				SWIFT_COMPILATION_MODE = wholemodule;
				SWIFT_OPTIMIZATION_LEVEL = "-O";
				VALIDATE_PRODUCT = YES;
			};
			name = Release;
		};
		84F42FB42343F73600F09426 /* Debug */ = {
			isa = XCBuildConfiguration;
			buildSettings = {
				ASSETCATALOG_COMPILER_APPICON_NAME = AppIcon;
				CODE_SIGN_STYLE = Automatic;
				DEVELOPMENT_TEAM = PMEDFW438U;
				INFOPLIST_FILE = MockeryDemo/Info.plist;
				LD_RUNPATH_SEARCH_PATHS = (
					"$(inherited)",
					"@executable_path/Frameworks",
				);
				PRODUCT_BUNDLE_IDENTIFIER = com.danielsaidi.MockeryDemo;
				PRODUCT_NAME = "$(TARGET_NAME)";
				SWIFT_VERSION = 5.0;
				TARGETED_DEVICE_FAMILY = "1,2";
			};
			name = Debug;
		};
		84F42FB52343F73600F09426 /* Release */ = {
			isa = XCBuildConfiguration;
			buildSettings = {
				ASSETCATALOG_COMPILER_APPICON_NAME = AppIcon;
				CODE_SIGN_STYLE = Automatic;
				DEVELOPMENT_TEAM = PMEDFW438U;
				INFOPLIST_FILE = MockeryDemo/Info.plist;
				LD_RUNPATH_SEARCH_PATHS = (
					"$(inherited)",
					"@executable_path/Frameworks",
				);
				PRODUCT_BUNDLE_IDENTIFIER = com.danielsaidi.MockeryDemo;
				PRODUCT_NAME = "$(TARGET_NAME)";
				SWIFT_VERSION = 5.0;
				TARGETED_DEVICE_FAMILY = "1,2";
			};
			name = Release;
		};
/* End XCBuildConfiguration section */

/* Begin XCConfigurationList section */
		84F42F9A2343F73600F09426 /* Build configuration list for PBXProject "MockeryDemo" */ = {
			isa = XCConfigurationList;
			buildConfigurations = (
				84F42FB12343F73600F09426 /* Debug */,
				84F42FB22343F73600F09426 /* Release */,
			);
			defaultConfigurationIsVisible = 0;
			defaultConfigurationName = Release;
		};
		84F42FB32343F73600F09426 /* Build configuration list for PBXNativeTarget "MockeryDemo" */ = {
			isa = XCConfigurationList;
			buildConfigurations = (
				84F42FB42343F73600F09426 /* Debug */,
				84F42FB52343F73600F09426 /* Release */,
			);
			defaultConfigurationIsVisible = 0;
			defaultConfigurationName = Release;
		};
/* End XCConfigurationList section */

/* Begin XCRemoteSwiftPackageReference section */
		84F42FB82343F7E700F09426 /* XCRemoteSwiftPackageReference "Mockery" */ = {
			isa = XCRemoteSwiftPackageReference;
			repositoryURL = "https://github.com/danielsaidi/Mockery.git";
			requirement = {
				kind = upToNextMajorVersion;
				minimumVersion = 0.1.1;
			};
		};
/* End XCRemoteSwiftPackageReference section */

/* Begin XCSwiftPackageProductDependency section */
		84F42FB92343F7E700F09426 /* Mockery */ = {
			isa = XCSwiftPackageProductDependency;
			package = 84F42FB82343F7E700F09426 /* XCRemoteSwiftPackageReference "Mockery" */;
			productName = Mockery;
		};
/* End XCSwiftPackageProductDependency section */
	};
	rootObject = 84F42F972343F73600F09426 /* Project object */;
}
